
Microsoft Visual Studio Solution File, Format Version 12.00
# Visual Studio Version 16
VisualStudioVersion = 16.0.30503.244
MinimumVisualStudioVersion = 10.0.40219.1
Project("{FAE04EC0-301F-11D3-BF4B-00C04F79EFBC}") = "WinPidKiller", "WinPidKiller.csproj", "{3DEC8F32-3324-49E6-937A-ECC6ED6A4819}"
EndProject
Global
	GlobalSection(SolutionConfigurationPlatforms) = preSolution
		Debug|Any CPU = Debug|Any CPU
		Release|Any CPU = Release|Any CPU
	EndGlobalSection
	GlobalSection(ProjectConfigurationPlatforms) = postSolution
		{3DEC8F32-3324-49E6-937A-ECC6ED6A4819}.Debug|Any CPU.ActiveCfg = Debug|Any CPU
		{3DEC8F32-3324-49E6-937A-ECC6ED6A4819}.Debug|Any CPU.Build.0 = Debug|Any CPU
		{3DEC8F32-3324-49E6-937A-ECC6ED6A4819}.Release|Any CPU.ActiveCfg = Release|Any CPU
		{3DEC8F32-3324-49E6-937A-ECC6ED6A4819}.Release|Any CPU.Build.0 = Release|Any CPU
	EndGlobalSection
	GlobalSection(SolutionProperties) = preSolution
		HideSolutionNode = FALSE
	EndGlobalSection
	GlobalSection(ExtensibilityGlobals) = postSolution
		SolutionGuid = {D8FAA36A-4915-485C-B05A-5838EB7DE9D4}
	EndGlobalSection
EndGlobal
